// !$*UTF8*$!
{
	archiveVersion = 1;
	classes = {
	};
	objectVersion = 46;
	objects = {

/* Begin PBXBuildFile section */
		BD01141C1B8724CD00A7EA47 /* AppDelegate.swift in Sources */ = {isa = PBXBuildFile; fileRef = BD01140F1B8724CD00A7EA47 /* AppDelegate.swift */; };
		BD01141D1B8724CD00A7EA47 /* Assets.xcassets in Resources */ = {isa = PBXBuildFile; fileRef = BD0114101B8724CD00A7EA47 /* Assets.xcassets */; };
		BD01141E1B8724CD00A7EA47 /* LaunchScreen.storyboard in Resources */ = {isa = PBXBuildFile; fileRef = BD0114111B8724CD00A7EA47 /* LaunchScreen.storyboard */; };
		BD01141F1B8724CD00A7EA47 /* Main.storyboard in Resources */ = {isa = PBXBuildFile; fileRef = BD0114131B8724CD00A7EA47 /* Main.storyboard */; };
		BD0114201B8724CD00A7EA47 /* BorderButton.swift in Sources */ = {isa = PBXBuildFile; fileRef = BD0114151B8724CD00A7EA47 /* BorderButton.swift */; };
		BD0114211B8724CD00A7EA47 /* Info.plist in Resources */ = {isa = PBXBuildFile; fileRef = BD0114161B8724CD00A7EA47 /* Info.plist */; };
		BD0114221B8724CD00A7EA47 /* Manager.swift in Sources */ = {isa = PBXBuildFile; fileRef = BD0114171B8724CD00A7EA47 /* Manager.swift */; };
		BD0114231B8724CD00A7EA47 /* Present.swift in Sources */ = {isa = PBXBuildFile; fileRef = BD0114181B8724CD00A7EA47 /* Present.swift */; };
		BD0114241B8724CD00A7EA47 /* Presents.swift in Sources */ = {isa = PBXBuildFile; fileRef = BD0114191B8724CD00A7EA47 /* Presents.swift */; };
		BD0114251B8724CD00A7EA47 /* Unwrappable.swift in Sources */ = {isa = PBXBuildFile; fileRef = BD01141A1B8724CD00A7EA47 /* Unwrappable.swift */; };
		BD0114261B8724CD00A7EA47 /* ViewController.swift in Sources */ = {isa = PBXBuildFile; fileRef = BD01141B1B8724CD00A7EA47 /* ViewController.swift */; };
		BD0114281B8724DC00A7EA47 /* Default-568h@2x.png in Resources */ = {isa = PBXBuildFile; fileRef = BD0114271B8724DC00A7EA47 /* Default-568h@2x.png */; };
/* End PBXBuildFile section */

/* Begin PBXFileReference section */
		BD01140F1B8724CD00A7EA47 /* AppDelegate.swift */ = {isa = PBXFileReference; fileEncoding = 4; lastKnownFileType = sourcecode.swift; path = AppDelegate.swift; sourceTree = "<group>"; };
		BD0114101B8724CD00A7EA47 /* Assets.xcassets */ = {isa = PBXFileReference; lastKnownFileType = folder.assetcatalog; path = Assets.xcassets; sourceTree = "<group>"; };
		BD0114121B8724CD00A7EA47 /* Base */ = {isa = PBXFileReference; lastKnownFileType = file.storyboard; name = Base; path = Base.lproj/LaunchScreen.storyboard; sourceTree = "<group>"; };
		BD0114141B8724CD00A7EA47 /* Base */ = {isa = PBXFileReference; lastKnownFileType = file.storyboard; name = Base; path = Base.lproj/Main.storyboard; sourceTree = "<group>"; };
		BD0114151B8724CD00A7EA47 /* BorderButton.swift */ = {isa = PBXFileReference; fileEncoding = 4; lastKnownFileType = sourcecode.swift; path = BorderButton.swift; sourceTree = "<group>"; };
		BD0114161B8724CD00A7EA47 /* Info.plist */ = {isa = PBXFileReference; fileEncoding = 4; lastKnownFileType = text.plist.xml; path = Info.plist; sourceTree = "<group>"; };
		BD0114171B8724CD00A7EA47 /* Manager.swift */ = {isa = PBXFileReference; fileEncoding = 4; lastKnownFileType = sourcecode.swift; path = Manager.swift; sourceTree = "<group>"; };
		BD0114181B8724CD00A7EA47 /* Present.swift */ = {isa = PBXFileReference; fileEncoding = 4; lastKnownFileType = sourcecode.swift; path = Present.swift; sourceTree = "<group>"; };
		BD0114191B8724CD00A7EA47 /* Presents.swift */ = {isa = PBXFileReference; fileEncoding = 4; lastKnownFileType = sourcecode.swift; path = Presents.swift; sourceTree = "<group>"; };
		BD01141A1B8724CD00A7EA47 /* Unwrappable.swift */ = {isa = PBXFileReference; fileEncoding = 4; lastKnownFileType = sourcecode.swift; path = Unwrappable.swift; sourceTree = "<group>"; };
		BD01141B1B8724CD00A7EA47 /* ViewController.swift */ = {isa = PBXFileReference; fileEncoding = 4; lastKnownFileType = sourcecode.swift; path = ViewController.swift; sourceTree = "<group>"; };
		BD0114271B8724DC00A7EA47 /* Default-568h@2x.png */ = {isa = PBXFileReference; lastKnownFileType = image.png; path = "Default-568h@2x.png"; sourceTree = "<group>"; };
		BDE449E01B6FC1C60037CE6E /* UnwrappingPresents.app */ = {isa = PBXFileReference; explicitFileType = wrapper.application; includeInIndex = 0; path = UnwrappingPresents.app; sourceTree = BUILT_PRODUCTS_DIR; };
/* End PBXFileReference section */

/* Begin PBXFrameworksBuildPhase section */
		BDE449DD1B6FC1C60037CE6E /* Frameworks */ = {
			isa = PBXFrameworksBuildPhase;
			buildActionMask = 2147483647;
			files = (
			);
			runOnlyForDeploymentPostprocessing = 0;
		};
/* End PBXFrameworksBuildPhase section */

/* Begin PBXGroup section */
		BD01140E1B8724CD00A7EA47 /* UnwrappingPresents */ = {
			isa = PBXGroup;
			children = (
				BD01140F1B8724CD00A7EA47 /* AppDelegate.swift */,
				BD0114101B8724CD00A7EA47 /* Assets.xcassets */,
				BD0114111B8724CD00A7EA47 /* LaunchScreen.storyboard */,
				BD0114131B8724CD00A7EA47 /* Main.storyboard */,
				BD0114151B8724CD00A7EA47 /* BorderButton.swift */,
				BD0114161B8724CD00A7EA47 /* Info.plist */,
				BD0114171B8724CD00A7EA47 /* Manager.swift */,
				BD0114181B8724CD00A7EA47 /* Present.swift */,
				BD0114191B8724CD00A7EA47 /* Presents.swift */,
				BD01141A1B8724CD00A7EA47 /* Unwrappable.swift */,
				BD01141B1B8724CD00A7EA47 /* ViewController.swift */,
			);
			path = UnwrappingPresents;
			sourceTree = "<group>";
		};
		BDE449D71B6FC1C60037CE6E = {
			isa = PBXGroup;
			children = (
				BD0114271B8724DC00A7EA47 /* Default-568h@2x.png */,
				BD01140E1B8724CD00A7EA47 /* UnwrappingPresents */,
				BDE449E11B6FC1C60037CE6E /* Products */,
			);
			sourceTree = "<group>";
		};
		BDE449E11B6FC1C60037CE6E /* Products */ = {
			isa = PBXGroup;
			children = (
				BDE449E01B6FC1C60037CE6E /* UnwrappingPresents.app */,
			);
			name = Products;
			sourceTree = "<group>";
		};
/* End PBXGroup section */

/* Begin PBXNativeTarget section */
		BDE449DF1B6FC1C60037CE6E /* UnwrappingPresents */ = {
			isa = PBXNativeTarget;
			buildConfigurationList = BDE449F21B6FC1C60037CE6E /* Build configuration list for PBXNativeTarget "UnwrappingPresents" */;
			buildPhases = (
				BDE449DC1B6FC1C60037CE6E /* Sources */,
				BDE449DD1B6FC1C60037CE6E /* Frameworks */,
				BDE449DE1B6FC1C60037CE6E /* Resources */,
			);
			buildRules = (
			);
			dependencies = (
			);
			name = UnwrappingPresents;
			productName = DrinksSample;
			productReference = BDE449E01B6FC1C60037CE6E /* UnwrappingPresents.app */;
			productType = "com.apple.product-type.application";
		};
/* End PBXNativeTarget section */

/* Begin PBXProject section */
		BDE449D81B6FC1C60037CE6E /* Project object */ = {
			isa = PBXProject;
			attributes = {
				LastSwiftUpdateCheck = 0700;
				LastUpgradeCheck = 0700;
				ORGANIZATIONNAME = TriggertrapLtd;
				TargetAttributes = {
					BDE449DF1B6FC1C60037CE6E = {
						CreatedOnToolsVersion = 7.0;
					};
				};
			};
			buildConfigurationList = BDE449DB1B6FC1C60037CE6E /* Build configuration list for PBXProject "UnwrappingPresents" */;
			compatibilityVersion = "Xcode 3.2";
			developmentRegion = English;
			hasScannedForEncodings = 0;
			knownRegions = (
				en,
				Base,
			);
			mainGroup = BDE449D71B6FC1C60037CE6E;
			productRefGroup = BDE449E11B6FC1C60037CE6E /* Products */;
			projectDirPath = "";
			projectRoot = "";
			targets = (
				BDE449DF1B6FC1C60037CE6E /* UnwrappingPresents */,
			);
		};
/* End PBXProject section */

/* Begin PBXResourcesBuildPhase section */
		BDE449DE1B6FC1C60037CE6E /* Resources */ = {
			isa = PBXResourcesBuildPhase;
			buildActionMask = 2147483647;
			files = (
				BD01141F1B8724CD00A7EA47 /* Main.storyboard in Resources */,
				BD0114211B8724CD00A7EA47 /* Info.plist in Resources */,
				BD01141E1B8724CD00A7EA47 /* LaunchScreen.storyboard in Resources */,
				BD0114281B8724DC00A7EA47 /* Default-568h@2x.png in Resources */,
				BD01141D1B8724CD00A7EA47 /* Assets.xcassets in Resources */,
			);
			runOnlyForDeploymentPostprocessing = 0;
		};
/* End PBXResourcesBuildPhase section */

/* Begin PBXSourcesBuildPhase section */
		BDE449DC1B6FC1C60037CE6E /* Sources */ = {
			isa = PBXSourcesBuildPhase;
			buildActionMask = 2147483647;
			files = (
				BD01141C1B8724CD00A7EA47 /* AppDelegate.swift in Sources */,
				BD0114251B8724CD00A7EA47 /* Unwrappable.swift in Sources */,
				BD0114231B8724CD00A7EA47 /* Present.swift in Sources */,
				BD0114221B8724CD00A7EA47 /* Manager.swift in Sources */,
				BD0114261B8724CD00A7EA47 /* ViewController.swift in Sources */,
				BD0114201B8724CD00A7EA47 /* BorderButton.swift in Sources */,
				BD0114241B8724CD00A7EA47 /* Presents.swift in Sources */,
			);
			runOnlyForDeploymentPostprocessing = 0;
		};
/* End PBXSourcesBuildPhase section */

/* Begin PBXVariantGroup section */
		BD0114111B8724CD00A7EA47 /* LaunchScreen.storyboard */ = {
			isa = PBXVariantGroup;
			children = (
				BD0114121B8724CD00A7EA47 /* Base */,
			);
			name = LaunchScreen.storyboard;
			sourceTree = "<group>";
		};
		BD0114131B8724CD00A7EA47 /* Main.storyboard */ = {
			isa = PBXVariantGroup;
			children = (
				BD0114141B8724CD00A7EA47 /* Base */,
			);
			name = Main.storyboard;
			sourceTree = "<group>";
		};
/* End PBXVariantGroup section */

/* Begin XCBuildConfiguration section */
		BDE449F01B6FC1C60037CE6E /* Debug */ = {
			isa = XCBuildConfiguration;
			buildSettings = {
				ALWAYS_SEARCH_USER_PATHS = NO;
				CLANG_CXX_LANGUAGE_STANDARD = "gnu++0x";
				CLANG_CXX_LIBRARY = "libc++";
				CLANG_ENABLE_MODULES = YES;
				CLANG_ENABLE_OBJC_ARC = YES;
				CLANG_WARN_BOOL_CONVERSION = YES;
				CLANG_WARN_CONSTANT_CONVERSION = YES;
				CLANG_WARN_DIRECT_OBJC_ISA_USAGE = YES_ERROR;
				CLANG_WARN_EMPTY_BODY = YES;
				CLANG_WARN_ENUM_CONVERSION = YES;
				CLANG_WARN_INT_CONVERSION = YES;
				CLANG_WARN_OBJC_ROOT_CLASS = YES_ERROR;
				CLANG_WARN_UNREACHABLE_CODE = YES;
				CLANG_WARN__DUPLICATE_METHOD_MATCH = YES;
				"CODE_SIGN_IDENTITY[sdk=iphoneos*]" = "iPhone Developer";
				COPY_PHASE_STRIP = NO;
				DEBUG_INFORMATION_FORMAT = dwarf;
				ENABLE_STRICT_OBJC_MSGSEND = YES;
				ENABLE_TESTABILITY = YES;
				GCC_C_LANGUAGE_STANDARD = gnu99;
				GCC_DYNAMIC_NO_PIC = NO;
				GCC_NO_COMMON_BLOCKS = YES;
				GCC_OPTIMIZATION_LEVEL = 0;
				GCC_PREPROCESSOR_DEFINITIONS = (
					"DEBUG=1",
					"$(inherited)",
				);
				GCC_WARN_64_TO_32_BIT_CONVERSION = YES;
				GCC_WARN_ABOUT_RETURN_TYPE = YES_ERROR;
				GCC_WARN_UNDECLARED_SELECTOR = YES;
				GCC_WARN_UNINITIALIZED_AUTOS = YES_AGGRESSIVE;
				GCC_WARN_UNUSED_FUNCTION = YES;
				GCC_WARN_UNUSED_VARIABLE = YES;
				IPHONEOS_DEPLOYMENT_TARGET = 9.0;
				MTL_ENABLE_DEBUG_INFO = YES;
				ONLY_ACTIVE_ARCH = YES;
				SDKROOT = iphoneos;
				SWIFT_OPTIMIZATION_LEVEL = "-Onone";
				TARGETED_DEVICE_FAMILY = "1,2";
			};
			name = Debug;
		};
		BDE449F11B6FC1C60037CE6E /* Release */ = {
			isa = XCBuildConfiguration;
			buildSettings = {
				ALWAYS_SEARCH_USER_PATHS = NO;
				CLANG_CXX_LANGUAGE_STANDARD = "gnu++0x";
				CLANG_CXX_LIBRARY = "libc++";
				CLANG_ENABLE_MODULES = YES;
				CLANG_ENABLE_OBJC_ARC = YES;
				CLANG_WARN_BOOL_CONVERSION = YES;
				CLANG_WARN_CONSTANT_CONVERSION = YES;
				CLANG_WARN_DIRECT_OBJC_ISA_USAGE = YES_ERROR;
				CLANG_WARN_EMPTY_BODY = YES;
				CLANG_WARN_ENUM_CONVERSION = YES;
				CLANG_WARN_INT_CONVERSION = YES;
				CLANG_WARN_OBJC_ROOT_CLASS = YES_ERROR;
				CLANG_WARN_UNREACHABLE_CODE = YES;
				CLANG_WARN__DUPLICATE_METHOD_MATCH = YES;
				"CODE_SIGN_IDENTITY[sdk=iphoneos*]" = "iPhone Developer";
				COPY_PHASE_STRIP = NO;
				DEBUG_INFORMATION_FORMAT = "dwarf-with-dsym";
				ENABLE_NS_ASSERTIONS = NO;
				ENABLE_STRICT_OBJC_MSGSEND = YES;
				GCC_C_LANGUAGE_STANDARD = gnu99;
				GCC_NO_COMMON_BLOCKS = YES;
				GCC_WARN_64_TO_32_BIT_CONVERSION = YES;
				GCC_WARN_ABOUT_RETURN_TYPE = YES_ERROR;
				GCC_WARN_UNDECLARED_SELECTOR = YES;
				GCC_WARN_UNINITIALIZED_AUTOS = YES_AGGRESSIVE;
				GCC_WARN_UNUSED_FUNCTION = YES;
				GCC_WARN_UNUSED_VARIABLE = YES;
				IPHONEOS_DEPLOYMENT_TARGET = 9.0;
				MTL_ENABLE_DEBUG_INFO = NO;
				SDKROOT = iphoneos;
				TARGETED_DEVICE_FAMILY = "1,2";
				VALIDATE_PRODUCT = YES;
			};
			name = Release;
		};
		BDE449F31B6FC1C60037CE6E /* Debug */ = {
			isa = XCBuildConfiguration;
			buildSettings = {
				ASSETCATALOG_COMPILER_APPICON_NAME = AppIcon;
				CLANG_ENABLE_MODULES = YES;
				INFOPLIST_FILE = UnwrappingPresents/Info.plist;
				LD_RUNPATH_SEARCH_PATHS = "$(inherited) @executable_path/Frameworks";
				PRODUCT_BUNDLE_IDENTIFIER = com.triggertrap.DrinksSample;
				PRODUCT_NAME = UnwrappingPresents;
				SWIFT_OPTIMIZATION_LEVEL = "-Onone";
			};
			name = Debug;
		};
		BDE449F41B6FC1C60037CE6E /* Release */ = {
			isa = XCBuildConfiguration;
			buildSettings = {
				ASSETCATALOG_COMPILER_APPICON_NAME = AppIcon;
				CLANG_ENABLE_MODULES = YES;
				INFOPLIST_FILE = UnwrappingPresents/Info.plist;
				LD_RUNPATH_SEARCH_PATHS = "$(inherited) @executable_path/Frameworks";
				PRODUCT_BUNDLE_IDENTIFIER = com.triggertrap.DrinksSample;
				PRODUCT_NAME = UnwrappingPresents;
			};
			name = Release;
		};
/* End XCBuildConfiguration section */

/* Begin XCConfigurationList section */
		BDE449DB1B6FC1C60037CE6E /* Build configuration list for PBXProject "UnwrappingPresents" */ = {
			isa = XCConfigurationList;
			buildConfigurations = (
				BDE449F01B6FC1C60037CE6E /* Debug */,
				BDE449F11B6FC1C60037CE6E /* Release */,
			);
			defaultConfigurationIsVisible = 0;
			defaultConfigurationName = Release;
		};
		BDE449F21B6FC1C60037CE6E /* Build configuration list for PBXNativeTarget "UnwrappingPresents" */ = {
			isa = XCConfigurationList;
			buildConfigurations = (
				BDE449F31B6FC1C60037CE6E /* Debug */,
				BDE449F41B6FC1C60037CE6E /* Release */,
			);
			defaultConfigurationIsVisible = 0;
			defaultConfigurationName = Release;
		};
/* End XCConfigurationList section */
	};
	rootObject = BDE449D81B6FC1C60037CE6E /* Project object */;
}
